
Microsoft Visual Studio Solution File, Format Version 12.00
# Visual Studio Version 17
VisualStudioVersion = 17.12.35707.178 d17.12
MinimumVisualStudioVersion = 10.0.40219.1
Project("{FAE04EC0-301F-11D3-BF4B-00C04F79EFBC}") = "MovieApp.Business", "MovieApp.Business\MovieApp.Business.csproj", "{BDB302D9-B8A7-4977-96A6-7B477DC00696}"
EndProject
Project("{FAE04EC0-301F-11D3-BF4B-00C04F79EFBC}") = "MovieApp.Data", "MovieApp.Data\MovieApp.Data.csproj", "{0BCC0145-5AD1-4B8B-AE75-7C33F080BE3F}"
EndProject
Project("{FAE04EC0-301F-11D3-BF4B-00C04F79EFBC}") = "MovieApp.Api", "MovieApp.Api\MovieApp.Api.csproj", "{0BB25C58-A84C-4073-BB5F-94EB431B9CB5}"
EndProject
Global
	GlobalSection(SolutionConfigurationPlatforms) = preSolution
		Debug|Any CPU = Debug|Any CPU
		Release|Any CPU = Release|Any CPU
	EndGlobalSection
	GlobalSection(ProjectConfigurationPlatforms) = postSolution
		{BDB302D9-B8A7-4977-96A6-7B477DC00696}.Debug|Any CPU.ActiveCfg = Debug|Any CPU
		{BDB302D9-B8A7-4977-96A6-7B477DC00696}.Debug|Any CPU.Build.0 = Debug|Any CPU
		{BDB302D9-B8A7-4977-96A6-7B477DC00696}.Release|Any CPU.ActiveCfg = Release|Any CPU
		{BDB302D9-B8A7-4977-96A6-7B477DC00696}.Release|Any CPU.Build.0 = Release|Any CPU
		{0BCC0145-5AD1-4B8B-AE75-7C33F080BE3F}.Debug|Any CPU.ActiveCfg = Debug|Any CPU
		{0BCC0145-5AD1-4B8B-AE75-7C33F080BE3F}.Debug|Any CPU.Build.0 = Debug|Any CPU
		{0BCC0145-5AD1-4B8B-AE75-7C33F080BE3F}.Release|Any CPU.ActiveCfg = Release|Any CPU
		{0BCC0145-5AD1-4B8B-AE75-7C33F080BE3F}.Release|Any CPU.Build.0 = Release|Any CPU
		{0BB25C58-A84C-4073-BB5F-94EB431B9CB5}.Debug|Any CPU.ActiveCfg = Debug|Any CPU
		{0BB25C58-A84C-4073-BB5F-94EB431B9CB5}.Debug|Any CPU.Build.0 = Debug|Any CPU
		{0BB25C58-A84C-4073-BB5F-94EB431B9CB5}.Release|Any CPU.ActiveCfg = Release|Any CPU
		{0BB25C58-A84C-4073-BB5F-94EB431B9CB5}.Release|Any CPU.Build.0 = Release|Any CPU
	EndGlobalSection
	GlobalSection(SolutionProperties) = preSolution
		HideSolutionNode = FALSE
	EndGlobalSection
EndGlobal
